
Microsoft Visual Studio Solution File, Format Version 12.00
Project("{FAE04EC0-301F-11D3-BF4B-00C04F79EFBC}") = "APBD_11_01", "APBD_11_01\APBD_11_01.csproj", "{5E27FE05-8DDD-4641-B53C-C05DDDC11949}"
EndProject
Global
	GlobalSection(SolutionConfigurationPlatforms) = preSolution
		Debug|Any CPU = Debug|Any CPU
		Release|Any CPU = Release|Any CPU
	EndGlobalSection
	GlobalSection(ProjectConfigurationPlatforms) = postSolution
		{5E27FE05-8DDD-4641-B53C-C05DDDC11949}.Debug|Any CPU.ActiveCfg = Debug|Any CPU
		{5E27FE05-8DDD-4641-B53C-C05DDDC11949}.Debug|Any CPU.Build.0 = Debug|Any CPU
		{5E27FE05-8DDD-4641-B53C-C05DDDC11949}.Release|Any CPU.ActiveCfg = Release|Any CPU
		{5E27FE05-8DDD-4641-B53C-C05DDDC11949}.Release|Any CPU.Build.0 = Release|Any CPU
	EndGlobalSection
EndGlobal
